PODS:
  - NJKWebViewProgress (0.2):
    - NJKWebViewProgress/Core (= 0.2)
    - NJKWebViewProgress/ProgressView (= 0.2)
  - NJKWebViewProgress/Core (0.2)
  - NJKWebViewProgress/ProgressView (0.2)
  - SVWebViewController (1.0):
    - NJKWebViewProgress

DEPENDENCIES:
  - SVWebViewController (from `https://github.com/pilot34/SVWebViewController.git`)

EXTERNAL SOURCES:
  SVWebViewController:
    :git: https://github.com/pilot34/SVWebViewController.git

CHECKOUT OPTIONS:
  SVWebViewController:
    :commit: bc176dde4f1f4381f651e26c7c2e8bb3b750ab46
    :git: https://github.com/pilot34/SVWebViewController.git

SPEC CHECKSUMS:
  NJKWebViewProgress: 2c15e5bab985f89198259e6d8681b67e792784ca
  SVWebViewController: ba1a015a3de968a6b3419ec38a149dc5eca44dc6

COCOAPODS: 0.35.0
